// !$*UTF8*$!
{
	archiveVersion = 1;
	classes = {
	};
	objectVersion = 56;
	objects = {

/* Begin PBXBuildFile section */
		8CB6EBD628D3411100D059BD /* AppDelegate.swift in Sources */ = {isa = PBXBuildFile; fileRef = 8CB6EBD528D3411100D059BD /* AppDelegate.swift */; };
		8CB6EBD828D3411100D059BD /* ViewController.swift in Sources */ = {isa = PBXBuildFile; fileRef = 8CB6EBD728D3411100D059BD /* ViewController.swift */; };
		8CB6EBDA28D3411200D059BD /* Assets.xcassets in Resources */ = {isa = PBXBuildFile; fileRef = 8CB6EBD928D3411200D059BD /* Assets.xcassets */; };
		8CB6EBDD28D3411200D059BD /* Main.storyboard in Resources */ = {isa = PBXBuildFile; fileRef = 8CB6EBDB28D3411200D059BD /* Main.storyboard */; };
		8CB6EBE728D341A300D059BD /* testc.c in Sources */ = {isa = PBXBuildFile; fileRef = 8CB6EBE628D341A300D059BD /* testc.c */; };
		8CB6EBEC28D3514E00D059BD /* libavutil.dylib in Frameworks */ = {isa = PBXBuildFile; fileRef = 8CB6EBE928D3514D00D059BD /* libavutil.dylib */; };
		8CB6EBED28D3514E00D059BD /* libavutil.dylib in Embed Libraries */ = {isa = PBXBuildFile; fileRef = 8CB6EBE928D3514D00D059BD /* libavutil.dylib */; settings = {ATTRIBUTES = (CodeSignOnCopy, ); }; };
		8CB6EBEE28D3514E00D059BD /* libavdevice.dylib in Frameworks */ = {isa = PBXBuildFile; fileRef = 8CB6EBEA28D3514E00D059BD /* libavdevice.dylib */; };
		8CB6EBEF28D3514E00D059BD /* libavdevice.dylib in Embed Libraries */ = {isa = PBXBuildFile; fileRef = 8CB6EBEA28D3514E00D059BD /* libavdevice.dylib */; settings = {ATTRIBUTES = (CodeSignOnCopy, ); }; };
		8CB6EBF028D3514E00D059BD /* libavformat.dylib in Frameworks */ = {isa = PBXBuildFile; fileRef = 8CB6EBEB28D3514E00D059BD /* libavformat.dylib */; };
		8CB6EBF128D3514E00D059BD /* libavformat.dylib in Embed Libraries */ = {isa = PBXBuildFile; fileRef = 8CB6EBEB28D3514E00D059BD /* libavformat.dylib */; settings = {ATTRIBUTES = (CodeSignOnCopy, ); }; };
/* End PBXBuildFile section */

/* Begin PBXCopyFilesBuildPhase section */
		8CB6EBF228D3514E00D059BD /* Embed Libraries */ = {
			isa = PBXCopyFilesBuildPhase;
			buildActionMask = 2147483647;
			dstPath = "";
			dstSubfolderSpec = 10;
			files = (
				8CB6EBED28D3514E00D059BD /* libavutil.dylib in Embed Libraries */,
				8CB6EBF128D3514E00D059BD /* libavformat.dylib in Embed Libraries */,
				8CB6EBEF28D3514E00D059BD /* libavdevice.dylib in Embed Libraries */,
			);
			name = "Embed Libraries";
			runOnlyForDeploymentPostprocessing = 0;
		};
/* End PBXCopyFilesBuildPhase section */

/* Begin PBXFileReference section */
		8CB6EBD228D3411100D059BD /* mymacos.app */ = {isa = PBXFileReference; explicitFileType = wrapper.application; includeInIndex = 0; path = mymacos.app; sourceTree = BUILT_PRODUCTS_DIR; };
		8CB6EBD528D3411100D059BD /* AppDelegate.swift */ = {isa = PBXFileReference; lastKnownFileType = sourcecode.swift; path = AppDelegate.swift; sourceTree = "<group>"; };
		8CB6EBD728D3411100D059BD /* ViewController.swift */ = {isa = PBXFileReference; lastKnownFileType = sourcecode.swift; path = ViewController.swift; sourceTree = "<group>"; };
		8CB6EBD928D3411200D059BD /* Assets.xcassets */ = {isa = PBXFileReference; lastKnownFileType = folder.assetcatalog; path = Assets.xcassets; sourceTree = "<group>"; };
		8CB6EBDC28D3411200D059BD /* Base */ = {isa = PBXFileReference; lastKnownFileType = file.storyboard; name = Base; path = Base.lproj/Main.storyboard; sourceTree = "<group>"; };
		8CB6EBDE28D3411200D059BD /* mymacos.entitlements */ = {isa = PBXFileReference; lastKnownFileType = text.plist.entitlements; path = mymacos.entitlements; sourceTree = "<group>"; };
		8CB6EBE428D341A300D059BD /* mymacos-Bridging-Header.h */ = {isa = PBXFileReference; lastKnownFileType = sourcecode.c.h; path = "mymacos-Bridging-Header.h"; sourceTree = "<group>"; };
		8CB6EBE528D341A300D059BD /* testc.h */ = {isa = PBXFileReference; lastKnownFileType = sourcecode.c.h; path = testc.h; sourceTree = "<group>"; };
		8CB6EBE628D341A300D059BD /* testc.c */ = {isa = PBXFileReference; lastKnownFileType = sourcecode.c.c; path = testc.c; sourceTree = "<group>"; };
		8CB6EBE928D3514D00D059BD /* libavutil.dylib */ = {isa = PBXFileReference; lastKnownFileType = "compiled.mach-o.dylib"; name = libavutil.dylib; path = mymacos/libs/libavutil.dylib; sourceTree = "<group>"; };
		8CB6EBEA28D3514E00D059BD /* libavdevice.dylib */ = {isa = PBXFileReference; lastKnownFileType = "compiled.mach-o.dylib"; name = libavdevice.dylib; path = mymacos/libs/libavdevice.dylib; sourceTree = "<group>"; };
		8CB6EBEB28D3514E00D059BD /* libavformat.dylib */ = {isa = PBXFileReference; lastKnownFileType = "compiled.mach-o.dylib"; name = libavformat.dylib; path = mymacos/libs/libavformat.dylib; sourceTree = "<group>"; };
/* End PBXFileReference section */

/* Begin PBXFrameworksBuildPhase section */
		8CB6EBCF28D3411100D059BD /* Frameworks */ = {
			isa = PBXFrameworksBuildPhase;
			buildActionMask = 2147483647;
			files = (
				8CB6EBEC28D3514E00D059BD /* libavutil.dylib in Frameworks */,
				8CB6EBF028D3514E00D059BD /* libavformat.dylib in Frameworks */,
				8CB6EBEE28D3514E00D059BD /* libavdevice.dylib in Frameworks */,
			);
			runOnlyForDeploymentPostprocessing = 0;
		};
/* End PBXFrameworksBuildPhase section */

/* Begin PBXGroup section */
		8CB6EBC928D3411100D059BD = {
			isa = PBXGroup;
			children = (
				8CB6EBD428D3411100D059BD /* mymacos */,
				8CB6EBD328D3411100D059BD /* Products */,
				8CB6EBE828D3514D00D059BD /* Frameworks */,
			);
			sourceTree = "<group>";
		};
		8CB6EBD328D3411100D059BD /* Products */ = {
			isa = PBXGroup;
			children = (
				8CB6EBD228D3411100D059BD /* mymacos.app */,
			);
			name = Products;
			sourceTree = "<group>";
		};
		8CB6EBD428D3411100D059BD /* mymacos */ = {
			isa = PBXGroup;
			children = (
				8CB6EBD528D3411100D059BD /* AppDelegate.swift */,
				8CB6EBD728D3411100D059BD /* ViewController.swift */,
				8CB6EBE528D341A300D059BD /* testc.h */,
				8CB6EBE628D341A300D059BD /* testc.c */,
				8CB6EBD928D3411200D059BD /* Assets.xcassets */,
				8CB6EBDB28D3411200D059BD /* Main.storyboard */,
				8CB6EBDE28D3411200D059BD /* mymacos.entitlements */,
				8CB6EBE428D341A300D059BD /* mymacos-Bridging-Header.h */,
			);
			path = mymacos;
			sourceTree = "<group>";
		};
		8CB6EBE828D3514D00D059BD /* Frameworks */ = {
			isa = PBXGroup;
			children = (
				8CB6EBEA28D3514E00D059BD /* libavdevice.dylib */,
				8CB6EBEB28D3514E00D059BD /* libavformat.dylib */,
				8CB6EBE928D3514D00D059BD /* libavutil.dylib */,
			);
			name = Frameworks;
			sourceTree = "<group>";
		};
/* End PBXGroup section */

/* Begin PBXNativeTarget section */
		8CB6EBD128D3411100D059BD /* mymacos */ = {
			isa = PBXNativeTarget;
			buildConfigurationList = 8CB6EBE128D3411200D059BD /* Build configuration list for PBXNativeTarget "mymacos" */;
			buildPhases = (
				8CB6EBCE28D3411100D059BD /* Sources */,
				8CB6EBCF28D3411100D059BD /* Frameworks */,
				8CB6EBD028D3411100D059BD /* Resources */,
				8CB6EBF228D3514E00D059BD /* Embed Libraries */,
			);
			buildRules = (
			);
			dependencies = (
			);
			name = mymacos;
			productName = mymacos;
			productReference = 8CB6EBD228D3411100D059BD /* mymacos.app */;
			productType = "com.apple.product-type.application";
		};
/* End PBXNativeTarget section */

/* Begin PBXProject section */
		8CB6EBCA28D3411100D059BD /* Project object */ = {
			isa = PBXProject;
			attributes = {
				BuildIndependentTargetsInParallel = 1;
				LastSwiftUpdateCheck = 1400;
				LastUpgradeCheck = 1400;
				TargetAttributes = {
					8CB6EBD128D3411100D059BD = {
						CreatedOnToolsVersion = 14.0;
						LastSwiftMigration = 1400;
					};
				};
			};
			buildConfigurationList = 8CB6EBCD28D3411100D059BD /* Build configuration list for PBXProject "mymacos" */;
			compatibilityVersion = "Xcode 14.0";
			developmentRegion = en;
			hasScannedForEncodings = 0;
			knownRegions = (
				en,
				Base,
			);
			mainGroup = 8CB6EBC928D3411100D059BD;
			productRefGroup = 8CB6EBD328D3411100D059BD /* Products */;
			projectDirPath = "";
			projectRoot = "";
			targets = (
				8CB6EBD128D3411100D059BD /* mymacos */,
			);
		};
/* End PBXProject section */

/* Begin PBXResourcesBuildPhase section */
		8CB6EBD028D3411100D059BD /* Resources */ = {
			isa = PBXResourcesBuildPhase;
			buildActionMask = 2147483647;
			files = (
				8CB6EBDA28D3411200D059BD /* Assets.xcassets in Resources */,
				8CB6EBDD28D3411200D059BD /* Main.storyboard in Resources */,
			);
			runOnlyForDeploymentPostprocessing = 0;
		};
/* End PBXResourcesBuildPhase section */

/* Begin PBXSourcesBuildPhase section */
		8CB6EBCE28D3411100D059BD /* Sources */ = {
			isa = PBXSourcesBuildPhase;
			buildActionMask = 2147483647;
			files = (
				8CB6EBE728D341A300D059BD /* testc.c in Sources */,
				8CB6EBD828D3411100D059BD /* ViewController.swift in Sources */,
				8CB6EBD628D3411100D059BD /* AppDelegate.swift in Sources */,
			);
			runOnlyForDeploymentPostprocessing = 0;
		};
/* End PBXSourcesBuildPhase section */

/* Begin PBXVariantGroup section */
		8CB6EBDB28D3411200D059BD /* Main.storyboard */ = {
			isa = PBXVariantGroup;
			children = (
				8CB6EBDC28D3411200D059BD /* Base */,
			);
			name = Main.storyboard;
			sourceTree = "<group>";
		};
/* End PBXVariantGroup section */

/* Begin XCBuildConfiguration section */
		8CB6EBDF28D3411200D059BD /* Debug */ = {
			isa = XCBuildConfiguration;
			buildSettings = {
				ALWAYS_SEARCH_USER_PATHS = NO;
				CLANG_ANALYZER_NONNULL = YES;
				CLANG_ANALYZER_NUMBER_OBJECT_CONVERSION = YES_AGGRESSIVE;
				CLANG_CXX_LANGUAGE_STANDARD = "gnu++20";
				CLANG_ENABLE_MODULES = YES;
				CLANG_ENABLE_OBJC_ARC = YES;
				CLANG_ENABLE_OBJC_WEAK = YES;
				CLANG_WARN_BLOCK_CAPTURE_AUTORELEASING = YES;
				CLANG_WARN_BOOL_CONVERSION = YES;
				CLANG_WARN_COMMA = YES;
				CLANG_WARN_CONSTANT_CONVERSION = YES;
				CLANG_WARN_DEPRECATED_OBJC_IMPLEMENTATIONS = YES;
				CLANG_WARN_DIRECT_OBJC_ISA_USAGE = YES_ERROR;
				CLANG_WARN_DOCUMENTATION_COMMENTS = YES;
				CLANG_WARN_EMPTY_BODY = YES;
				CLANG_WARN_ENUM_CONVERSION = YES;
				CLANG_WARN_INFINITE_RECURSION = YES;
				CLANG_WARN_INT_CONVERSION = YES;
				CLANG_WARN_NON_LITERAL_NULL_CONVERSION = YES;
				CLANG_WARN_OBJC_IMPLICIT_RETAIN_SELF = YES;
				CLANG_WARN_OBJC_LITERAL_CONVERSION = YES;
				CLANG_WARN_OBJC_ROOT_CLASS = YES_ERROR;
				CLANG_WARN_QUOTED_INCLUDE_IN_FRAMEWORK_HEADER = YES;
				CLANG_WARN_RANGE_LOOP_ANALYSIS = YES;
				CLANG_WARN_STRICT_PROTOTYPES = YES;
				CLANG_WARN_SUSPICIOUS_MOVE = YES;
				CLANG_WARN_UNGUARDED_AVAILABILITY = YES_AGGRESSIVE;
				CLANG_WARN_UNREACHABLE_CODE = YES;
				CLANG_WARN__DUPLICATE_METHOD_MATCH = YES;
				COPY_PHASE_STRIP = NO;
				DEBUG_INFORMATION_FORMAT = dwarf;
				ENABLE_STRICT_OBJC_MSGSEND = YES;
				ENABLE_TESTABILITY = YES;
				GCC_C_LANGUAGE_STANDARD = gnu11;
				GCC_DYNAMIC_NO_PIC = NO;
				GCC_NO_COMMON_BLOCKS = YES;
				GCC_OPTIMIZATION_LEVEL = 0;
				GCC_PREPROCESSOR_DEFINITIONS = (
					"DEBUG=1",
					"$(inherited)",
				);
				GCC_WARN_64_TO_32_BIT_CONVERSION = YES;
				GCC_WARN_ABOUT_RETURN_TYPE = YES_ERROR;
				GCC_WARN_UNDECLARED_SELECTOR = YES;
				GCC_WARN_UNINITIALIZED_AUTOS = YES_AGGRESSIVE;
				GCC_WARN_UNUSED_FUNCTION = YES;
				GCC_WARN_UNUSED_VARIABLE = YES;
				MACOSX_DEPLOYMENT_TARGET = 12.3;
				MTL_ENABLE_DEBUG_INFO = INCLUDE_SOURCE;
				MTL_FAST_MATH = YES;
				ONLY_ACTIVE_ARCH = YES;
				SDKROOT = macosx;
				SWIFT_ACTIVE_COMPILATION_CONDITIONS = DEBUG;
				SWIFT_OPTIMIZATION_LEVEL = "-Onone";
			};
			name = Debug;
		};
		8CB6EBE028D3411200D059BD /* Release */ = {
			isa = XCBuildConfiguration;
			buildSettings = {
				ALWAYS_SEARCH_USER_PATHS = NO;
				CLANG_ANALYZER_NONNULL = YES;
				CLANG_ANALYZER_NUMBER_OBJECT_CONVERSION = YES_AGGRESSIVE;
				CLANG_CXX_LANGUAGE_STANDARD = "gnu++20";
				CLANG_ENABLE_MODULES = YES;
				CLANG_ENABLE_OBJC_ARC = YES;
				CLANG_ENABLE_OBJC_WEAK = YES;
				CLANG_WARN_BLOCK_CAPTURE_AUTORELEASING = YES;
				CLANG_WARN_BOOL_CONVERSION = YES;
				CLANG_WARN_COMMA = YES;
				CLANG_WARN_CONSTANT_CONVERSION = YES;
				CLANG_WARN_DEPRECATED_OBJC_IMPLEMENTATIONS = YES;
				CLANG_WARN_DIRECT_OBJC_ISA_USAGE = YES_ERROR;
				CLANG_WARN_DOCUMENTATION_COMMENTS = YES;
				CLANG_WARN_EMPTY_BODY = YES;
				CLANG_WARN_ENUM_CONVERSION = YES;
				CLANG_WARN_INFINITE_RECURSION = YES;
				CLANG_WARN_INT_CONVERSION = YES;
				CLANG_WARN_NON_LITERAL_NULL_CONVERSION = YES;
				CLANG_WARN_OBJC_IMPLICIT_RETAIN_SELF = YES;
				CLANG_WARN_OBJC_LITERAL_CONVERSION = YES;
				CLANG_WARN_OBJC_ROOT_CLASS = YES_ERROR;
				CLANG_WARN_QUOTED_INCLUDE_IN_FRAMEWORK_HEADER = YES;
				CLANG_WARN_RANGE_LOOP_ANALYSIS = YES;
				CLANG_WARN_STRICT_PROTOTYPES = YES;
				CLANG_WARN_SUSPICIOUS_MOVE = YES;
				CLANG_WARN_UNGUARDED_AVAILABILITY = YES_AGGRESSIVE;
				CLANG_WARN_UNREACHABLE_CODE = YES;
				CLANG_WARN__DUPLICATE_METHOD_MATCH = YES;
				COPY_PHASE_STRIP = NO;
				DEBUG_INFORMATION_FORMAT = "dwarf-with-dsym";
				ENABLE_NS_ASSERTIONS = NO;
				ENABLE_STRICT_OBJC_MSGSEND = YES;
				GCC_C_LANGUAGE_STANDARD = gnu11;
				GCC_NO_COMMON_BLOCKS = YES;
				GCC_WARN_64_TO_32_BIT_CONVERSION = YES;
				GCC_WARN_ABOUT_RETURN_TYPE = YES_ERROR;
				GCC_WARN_UNDECLARED_SELECTOR = YES;
				GCC_WARN_UNINITIALIZED_AUTOS = YES_AGGRESSIVE;
				GCC_WARN_UNUSED_FUNCTION = YES;
				GCC_WARN_UNUSED_VARIABLE = YES;
				MACOSX_DEPLOYMENT_TARGET = 12.3;
				MTL_ENABLE_DEBUG_INFO = NO;
				MTL_FAST_MATH = YES;
				SDKROOT = macosx;
				SWIFT_COMPILATION_MODE = wholemodule;
				SWIFT_OPTIMIZATION_LEVEL = "-O";
			};
			name = Release;
		};
		8CB6EBE228D3411200D059BD /* Debug */ = {
			isa = XCBuildConfiguration;
			buildSettings = {
				ASSETCATALOG_COMPILER_APPICON_NAME = AppIcon;
				ASSETCATALOG_COMPILER_GLOBAL_ACCENT_COLOR_NAME = AccentColor;
				CLANG_ENABLE_MODULES = YES;
				CODE_SIGN_ENTITLEMENTS = mymacos/mymacos.entitlements;
				CODE_SIGN_STYLE = Automatic;
				COMBINE_HIDPI_IMAGES = YES;
				CURRENT_PROJECT_VERSION = 1;
				GENERATE_INFOPLIST_FILE = YES;
				INFOPLIST_KEY_NSHumanReadableCopyright = "";
				INFOPLIST_KEY_NSMainStoryboardFile = Main;
				INFOPLIST_KEY_NSMicrophoneUsageDescription = "";
				INFOPLIST_KEY_NSPrincipalClass = NSApplication;
				LD_RUNPATH_SEARCH_PATHS = (
					"$(inherited)",
					"@executable_path/../Frameworks",
				);
				LIBRARY_SEARCH_PATHS = (
					"$(inherited)",
					"$(PROJECT_DIR)/mymacos/libs",
				);
				MARKETING_VERSION = 1.0;
				PRODUCT_BUNDLE_IDENTIFIER = moon.mymacos;
				PRODUCT_NAME = "$(TARGET_NAME)";
				SWIFT_EMIT_LOC_STRINGS = YES;
				SWIFT_OBJC_BRIDGING_HEADER = "mymacos/mymacos-Bridging-Header.h";
				SWIFT_OPTIMIZATION_LEVEL = "-Onone";
				SWIFT_VERSION = 5.0;
				"USER_HEADER_SEARCH_PATHS[arch=*]" = "/Users/wh37/Documents/Doc/音视频/mymacos/mymacos/include";
			};
			name = Debug;
		};
		8CB6EBE328D3411200D059BD /* Release */ = {
			isa = XCBuildConfiguration;
			buildSettings = {
				ASSETCATALOG_COMPILER_APPICON_NAME = AppIcon;
				ASSETCATALOG_COMPILER_GLOBAL_ACCENT_COLOR_NAME = AccentColor;
				CLANG_ENABLE_MODULES = YES;
				CODE_SIGN_ENTITLEMENTS = mymacos/mymacos.entitlements;
				CODE_SIGN_STYLE = Automatic;
				COMBINE_HIDPI_IMAGES = YES;
				CURRENT_PROJECT_VERSION = 1;
				GENERATE_INFOPLIST_FILE = YES;
				INFOPLIST_KEY_NSHumanReadableCopyright = "";
				INFOPLIST_KEY_NSMainStoryboardFile = Main;
				INFOPLIST_KEY_NSMicrophoneUsageDescription = "";
				INFOPLIST_KEY_NSPrincipalClass = NSApplication;
				LD_RUNPATH_SEARCH_PATHS = (
					"$(inherited)",
					"@executable_path/../Frameworks",
				);
				LIBRARY_SEARCH_PATHS = (
					"$(inherited)",
					"$(PROJECT_DIR)/mymacos/libs",
				);
				MARKETING_VERSION = 1.0;
				PRODUCT_BUNDLE_IDENTIFIER = moon.mymacos;
				PRODUCT_NAME = "$(TARGET_NAME)";
				SWIFT_EMIT_LOC_STRINGS = YES;
				SWIFT_OBJC_BRIDGING_HEADER = "mymacos/mymacos-Bridging-Header.h";
				SWIFT_VERSION = 5.0;
				"USER_HEADER_SEARCH_PATHS[arch=*]" = "/Users/wh37/Documents/Doc/音视频/mymacos/mymacos/include";
			};
			name = Release;
		};
/* End XCBuildConfiguration section */

/* Begin XCConfigurationList section */
		8CB6EBCD28D3411100D059BD /* Build configuration list for PBXProject "mymacos" */ = {
			isa = XCConfigurationList;
			buildConfigurations = (
				8CB6EBDF28D3411200D059BD /* Debug */,
				8CB6EBE028D3411200D059BD /* Release */,
			);
			defaultConfigurationIsVisible = 0;
			defaultConfigurationName = Release;
		};
		8CB6EBE128D3411200D059BD /* Build configuration list for PBXNativeTarget "mymacos" */ = {
			isa = XCConfigurationList;
			buildConfigurations = (
				8CB6EBE228D3411200D059BD /* Debug */,
				8CB6EBE328D3411200D059BD /* Release */,
			);
			defaultConfigurationIsVisible = 0;
			defaultConfigurationName = Release;
		};
/* End XCConfigurationList section */
	};
	rootObject = 8CB6EBCA28D3411100D059BD /* Project object */;
}
